
Microsoft Visual Studio Solution File, Format Version 12.00
# Visual Studio Version 17
VisualStudioVersion = 17.6.33829.357
MinimumVisualStudioVersion = 10.0.40219.1
Project("{FAE04EC0-301F-11D3-BF4B-00C04F79EFBC}") = "Task4", "Task4\Task4.csproj", "{BCF52A0D-6B68-4C9A-A621-42DD5C8D458F}"
EndProject
Global
	GlobalSection(SolutionConfigurationPlatforms) = preSolution
		Debug|Any CPU = Debug|Any CPU
		Release|Any CPU = Release|Any CPU
	EndGlobalSection
	GlobalSection(ProjectConfigurationPlatforms) = postSolution
		{BCF52A0D-6B68-4C9A-A621-42DD5C8D458F}.Debug|Any CPU.ActiveCfg = Debug|Any CPU
		{BCF52A0D-6B68-4C9A-A621-42DD5C8D458F}.Debug|Any CPU.Build.0 = Debug|Any CPU
		{BCF52A0D-6B68-4C9A-A621-42DD5C8D458F}.Release|Any CPU.ActiveCfg = Release|Any CPU
		{BCF52A0D-6B68-4C9A-A621-42DD5C8D458F}.Release|Any CPU.Build.0 = Release|Any CPU
	EndGlobalSection
	GlobalSection(SolutionProperties) = preSolution
		HideSolutionNode = FALSE
	EndGlobalSection
	GlobalSection(ExtensibilityGlobals) = postSolution
		SolutionGuid = {E20C44C7-F730-4782-9593-11886A46B0F6}
	EndGlobalSection
EndGlobal
